
Microsoft Visual Studio Solution File, Format Version 12.00
# Visual Studio Version 16
VisualStudioVersion = 16.0.30907.101
MinimumVisualStudioVersion = 10.0.40219.1
Project("{9A19103F-16F7-4668-BE54-9A1E7A4F7556}") = "Entities", "Entities\Entities.csproj", "{E741554B-E0E5-4053-B5D4-2240381B2D35}"
EndProject
Project("{9A19103F-16F7-4668-BE54-9A1E7A4F7556}") = "DataAccess", "DataAccess\DataAccess.csproj", "{8CE37360-6552-4A74-8ADA-B44319090C7A}"
EndProject
Project("{9A19103F-16F7-4668-BE54-9A1E7A4F7556}") = "ConsoleUI", "ConsoleUI\ConsoleUI.csproj", "{7434F810-1C3C-442B-AC61-D53653A70CB7}"
EndProject
Project("{9A19103F-16F7-4668-BE54-9A1E7A4F7556}") = "Bussiness", "Bussiness\Bussiness.csproj", "{8320E4F6-6EEC-4FC9-9FC4-501339E8238F}"
EndProject
Project("{9A19103F-16F7-4668-BE54-9A1E7A4F7556}") = "Core", "Core\Core.csproj", "{92F4574E-1E86-4F59-A5A3-0988E9A46369}"
EndProject
Project("{9A19103F-16F7-4668-BE54-9A1E7A4F7556}") = "WebAPI", "WebAPI\WebAPI.csproj", "{8FD6C37F-D403-48BE-9A78-7C9873E8255A}"
EndProject
Global
	GlobalSection(SolutionConfigurationPlatforms) = preSolution
		Debug|Any CPU = Debug|Any CPU
		Release|Any CPU = Release|Any CPU
	EndGlobalSection
	GlobalSection(ProjectConfigurationPlatforms) = postSolution
		{E741554B-E0E5-4053-B5D4-2240381B2D35}.Debug|Any CPU.ActiveCfg = Debug|Any CPU
		{E741554B-E0E5-4053-B5D4-2240381B2D35}.Debug|Any CPU.Build.0 = Debug|Any CPU
		{E741554B-E0E5-4053-B5D4-2240381B2D35}.Release|Any CPU.ActiveCfg = Release|Any CPU
		{E741554B-E0E5-4053-B5D4-2240381B2D35}.Release|Any CPU.Build.0 = Release|Any CPU
		{8CE37360-6552-4A74-8ADA-B44319090C7A}.Debug|Any CPU.ActiveCfg = Debug|Any CPU
		{8CE37360-6552-4A74-8ADA-B44319090C7A}.Debug|Any CPU.Build.0 = Debug|Any CPU
		{8CE37360-6552-4A74-8ADA-B44319090C7A}.Release|Any CPU.ActiveCfg = Release|Any CPU
		{8CE37360-6552-4A74-8ADA-B44319090C7A}.Release|Any CPU.Build.0 = Release|Any CPU
		{7434F810-1C3C-442B-AC61-D53653A70CB7}.Debug|Any CPU.ActiveCfg = Debug|Any CPU
		{7434F810-1C3C-442B-AC61-D53653A70CB7}.Debug|Any CPU.Build.0 = Debug|Any CPU
		{7434F810-1C3C-442B-AC61-D53653A70CB7}.Release|Any CPU.ActiveCfg = Release|Any CPU
		{7434F810-1C3C-442B-AC61-D53653A70CB7}.Release|Any CPU.Build.0 = Release|Any CPU
		{8320E4F6-6EEC-4FC9-9FC4-501339E8238F}.Debug|Any CPU.ActiveCfg = Debug|Any CPU
		{8320E4F6-6EEC-4FC9-9FC4-501339E8238F}.Debug|Any CPU.Build.0 = Debug|Any CPU
		{8320E4F6-6EEC-4FC9-9FC4-501339E8238F}.Release|Any CPU.ActiveCfg = Release|Any CPU
		{8320E4F6-6EEC-4FC9-9FC4-501339E8238F}.Release|Any CPU.Build.0 = Release|Any CPU
		{92F4574E-1E86-4F59-A5A3-0988E9A46369}.Debug|Any CPU.ActiveCfg = Debug|Any CPU
		{92F4574E-1E86-4F59-A5A3-0988E9A46369}.Debug|Any CPU.Build.0 = Debug|Any CPU
		{92F4574E-1E86-4F59-A5A3-0988E9A46369}.Release|Any CPU.ActiveCfg = Release|Any CPU
		{92F4574E-1E86-4F59-A5A3-0988E9A46369}.Release|Any CPU.Build.0 = Release|Any CPU
		{8FD6C37F-D403-48BE-9A78-7C9873E8255A}.Debug|Any CPU.ActiveCfg = Debug|Any CPU
		{8FD6C37F-D403-48BE-9A78-7C9873E8255A}.Debug|Any CPU.Build.0 = Debug|Any CPU
		{8FD6C37F-D403-48BE-9A78-7C9873E8255A}.Release|Any CPU.ActiveCfg = Release|Any CPU
		{8FD6C37F-D403-48BE-9A78-7C9873E8255A}.Release|Any CPU.Build.0 = Release|Any CPU
	EndGlobalSection
	GlobalSection(SolutionProperties) = preSolution
		HideSolutionNode = FALSE
	EndGlobalSection
	GlobalSection(ExtensibilityGlobals) = postSolution
		SolutionGuid = {8341D1C7-2D73-47C5-A9BD-872EAD983F96}
	EndGlobalSection
EndGlobal
